
Microsoft Visual Studio Solution File, Format Version 12.00
# Visual Studio Version 17
VisualStudioVersion = 17.7.34221.43
MinimumVisualStudioVersion = 10.0.40219.1
Project("{FAE04EC0-301F-11D3-BF4B-00C04F79EFBC}") = "EAV_model", "EAV_model.csproj", "{2110B905-9EAB-45A6-8A05-F03F30D06843}"
EndProject
Project("{FAE04EC0-301F-11D3-BF4B-00C04F79EFBC}") = "DB", "..\DB\DB.csproj", "{C2198D01-E1CD-45B6-830E-7B0A5BBBABED}"
EndProject
Global
	GlobalSection(SolutionConfigurationPlatforms) = preSolution
		Debug|Any CPU = Debug|Any CPU
		Release|Any CPU = Release|Any CPU
	EndGlobalSection
	GlobalSection(ProjectConfigurationPlatforms) = postSolution
		{2110B905-9EAB-45A6-8A05-F03F30D06843}.Debug|Any CPU.ActiveCfg = Debug|Any CPU
		{2110B905-9EAB-45A6-8A05-F03F30D06843}.Debug|Any CPU.Build.0 = Debug|Any CPU
		{2110B905-9EAB-45A6-8A05-F03F30D06843}.Release|Any CPU.ActiveCfg = Release|Any CPU
		{2110B905-9EAB-45A6-8A05-F03F30D06843}.Release|Any CPU.Build.0 = Release|Any CPU
		{C2198D01-E1CD-45B6-830E-7B0A5BBBABED}.Debug|Any CPU.ActiveCfg = Debug|Any CPU
		{C2198D01-E1CD-45B6-830E-7B0A5BBBABED}.Debug|Any CPU.Build.0 = Debug|Any CPU
		{C2198D01-E1CD-45B6-830E-7B0A5BBBABED}.Release|Any CPU.ActiveCfg = Release|Any CPU
		{C2198D01-E1CD-45B6-830E-7B0A5BBBABED}.Release|Any CPU.Build.0 = Release|Any CPU
	EndGlobalSection
	GlobalSection(SolutionProperties) = preSolution
		HideSolutionNode = FALSE
	EndGlobalSection
	GlobalSection(ExtensibilityGlobals) = postSolution
		SolutionGuid = {6E03C33C-3C68-421D-8EFE-D77790F9B5A9}
	EndGlobalSection
EndGlobal
